
Microsoft Visual Studio Solution File, Format Version 12.00
# Visual Studio Version 17
VisualStudioVersion = 17.6.33815.320
MinimumVisualStudioVersion = 10.0.40219.1
Project("{9A19103F-16F7-4668-BE54-9A1E7A4F7556}") = "BusinessLogicLayer", "BusinessLogincLayer\BusinessLogicLayer.csproj", "{04515051-7105-4C17-B52D-6685EE353E90}"
EndProject
Project("{9A19103F-16F7-4668-BE54-9A1E7A4F7556}") = "DataAccessLayer", "DataAccessLayer\DataAccessLayer.csproj", "{7CE8308E-1ECB-455A-9202-38F49233AAC3}"
EndProject
Project("{9A19103F-16F7-4668-BE54-9A1E7A4F7556}") = "DomainObject", "DomainObject\DomainObject.csproj", "{A5C12C05-C0D9-4E4E-8E6C-4E16E27A4875}"
EndProject
Project("{FAE04EC0-301F-11D3-BF4B-00C04F79EFBC}") = "WebAPI", "WebAPI\WebAPI.csproj", "{D4CC2803-ECF8-4F1F-956A-7C07613B7B78}"
EndProject
Global
	GlobalSection(SolutionConfigurationPlatforms) = preSolution
		Debug|Any CPU = Debug|Any CPU
		Release|Any CPU = Release|Any CPU
	EndGlobalSection
	GlobalSection(ProjectConfigurationPlatforms) = postSolution
		{04515051-7105-4C17-B52D-6685EE353E90}.Debug|Any CPU.ActiveCfg = Debug|Any CPU
		{04515051-7105-4C17-B52D-6685EE353E90}.Debug|Any CPU.Build.0 = Debug|Any CPU
		{04515051-7105-4C17-B52D-6685EE353E90}.Release|Any CPU.ActiveCfg = Release|Any CPU
		{04515051-7105-4C17-B52D-6685EE353E90}.Release|Any CPU.Build.0 = Release|Any CPU
		{7CE8308E-1ECB-455A-9202-38F49233AAC3}.Debug|Any CPU.ActiveCfg = Debug|Any CPU
		{7CE8308E-1ECB-455A-9202-38F49233AAC3}.Debug|Any CPU.Build.0 = Debug|Any CPU
		{7CE8308E-1ECB-455A-9202-38F49233AAC3}.Release|Any CPU.ActiveCfg = Release|Any CPU
		{7CE8308E-1ECB-455A-9202-38F49233AAC3}.Release|Any CPU.Build.0 = Release|Any CPU
		{A5C12C05-C0D9-4E4E-8E6C-4E16E27A4875}.Debug|Any CPU.ActiveCfg = Debug|Any CPU
		{A5C12C05-C0D9-4E4E-8E6C-4E16E27A4875}.Debug|Any CPU.Build.0 = Debug|Any CPU
		{A5C12C05-C0D9-4E4E-8E6C-4E16E27A4875}.Release|Any CPU.ActiveCfg = Release|Any CPU
		{A5C12C05-C0D9-4E4E-8E6C-4E16E27A4875}.Release|Any CPU.Build.0 = Release|Any CPU
		{D4CC2803-ECF8-4F1F-956A-7C07613B7B78}.Debug|Any CPU.ActiveCfg = Debug|Any CPU
		{D4CC2803-ECF8-4F1F-956A-7C07613B7B78}.Debug|Any CPU.Build.0 = Debug|Any CPU
		{D4CC2803-ECF8-4F1F-956A-7C07613B7B78}.Release|Any CPU.ActiveCfg = Release|Any CPU
		{D4CC2803-ECF8-4F1F-956A-7C07613B7B78}.Release|Any CPU.Build.0 = Release|Any CPU
	EndGlobalSection
	GlobalSection(SolutionProperties) = preSolution
		HideSolutionNode = FALSE
	EndGlobalSection
	GlobalSection(ExtensibilityGlobals) = postSolution
		SolutionGuid = {0043EC6E-8E85-427C-8675-597023FD81CD}
	EndGlobalSection
EndGlobal
